
Microsoft Visual Studio Solution File, Format Version 12.00
# Visual Studio Version 16
VisualStudioVersion = 16.6.30114.105
MinimumVisualStudioVersion = 10.0.40219.1
Project("{FAE04EC0-301F-11D3-BF4B-00C04F79EFBC}") = "API", "API\API.csproj", "{08F2C492-FC22-4BC3-B886-730B4549F4B7}"
EndProject
Project("{FAE04EC0-301F-11D3-BF4B-00C04F79EFBC}") = "Core", "Core\Core.csproj", "{36296B80-3F71-4165-90B2-8D22B6E09603}"
EndProject
Project("{FAE04EC0-301F-11D3-BF4B-00C04F79EFBC}") = "Infrastructure", "Infrastructure\Infrastructure.csproj", "{0AAA4B11-A791-4EB0-BDA8-C3A984AC9C81}"
EndProject
Global
	GlobalSection(SolutionConfigurationPlatforms) = preSolution
		Debug|Any CPU = Debug|Any CPU
		Debug|x64 = Debug|x64
		Debug|x86 = Debug|x86
		Release|Any CPU = Release|Any CPU
		Release|x64 = Release|x64
		Release|x86 = Release|x86
	EndGlobalSection
	GlobalSection(SolutionProperties) = preSolution
		HideSolutionNode = FALSE
	EndGlobalSection
	GlobalSection(ProjectConfigurationPlatforms) = postSolution
		{08F2C492-FC22-4BC3-B886-730B4549F4B7}.Debug|Any CPU.ActiveCfg = Debug|Any CPU
		{08F2C492-FC22-4BC3-B886-730B4549F4B7}.Debug|Any CPU.Build.0 = Debug|Any CPU
		{08F2C492-FC22-4BC3-B886-730B4549F4B7}.Debug|x64.ActiveCfg = Debug|Any CPU
		{08F2C492-FC22-4BC3-B886-730B4549F4B7}.Debug|x64.Build.0 = Debug|Any CPU
		{08F2C492-FC22-4BC3-B886-730B4549F4B7}.Debug|x86.ActiveCfg = Debug|Any CPU
		{08F2C492-FC22-4BC3-B886-730B4549F4B7}.Debug|x86.Build.0 = Debug|Any CPU
		{08F2C492-FC22-4BC3-B886-730B4549F4B7}.Release|Any CPU.ActiveCfg = Release|Any CPU
		{08F2C492-FC22-4BC3-B886-730B4549F4B7}.Release|Any CPU.Build.0 = Release|Any CPU
		{08F2C492-FC22-4BC3-B886-730B4549F4B7}.Release|x64.ActiveCfg = Release|Any CPU
		{08F2C492-FC22-4BC3-B886-730B4549F4B7}.Release|x64.Build.0 = Release|Any CPU
		{08F2C492-FC22-4BC3-B886-730B4549F4B7}.Release|x86.ActiveCfg = Release|Any CPU
		{08F2C492-FC22-4BC3-B886-730B4549F4B7}.Release|x86.Build.0 = Release|Any CPU
		{36296B80-3F71-4165-90B2-8D22B6E09603}.Debug|Any CPU.ActiveCfg = Debug|Any CPU
		{36296B80-3F71-4165-90B2-8D22B6E09603}.Debug|Any CPU.Build.0 = Debug|Any CPU
		{36296B80-3F71-4165-90B2-8D22B6E09603}.Debug|x64.ActiveCfg = Debug|Any CPU
		{36296B80-3F71-4165-90B2-8D22B6E09603}.Debug|x64.Build.0 = Debug|Any CPU
		{36296B80-3F71-4165-90B2-8D22B6E09603}.Debug|x86.ActiveCfg = Debug|Any CPU
		{36296B80-3F71-4165-90B2-8D22B6E09603}.Debug|x86.Build.0 = Debug|Any CPU
		{36296B80-3F71-4165-90B2-8D22B6E09603}.Release|Any CPU.ActiveCfg = Release|Any CPU
		{36296B80-3F71-4165-90B2-8D22B6E09603}.Release|Any CPU.Build.0 = Release|Any CPU
		{36296B80-3F71-4165-90B2-8D22B6E09603}.Release|x64.ActiveCfg = Release|Any CPU
		{36296B80-3F71-4165-90B2-8D22B6E09603}.Release|x64.Build.0 = Release|Any CPU
		{36296B80-3F71-4165-90B2-8D22B6E09603}.Release|x86.ActiveCfg = Release|Any CPU
		{36296B80-3F71-4165-90B2-8D22B6E09603}.Release|x86.Build.0 = Release|Any CPU
		{0AAA4B11-A791-4EB0-BDA8-C3A984AC9C81}.Debug|Any CPU.ActiveCfg = Debug|Any CPU
		{0AAA4B11-A791-4EB0-BDA8-C3A984AC9C81}.Debug|Any CPU.Build.0 = Debug|Any CPU
		{0AAA4B11-A791-4EB0-BDA8-C3A984AC9C81}.Debug|x64.ActiveCfg = Debug|Any CPU
		{0AAA4B11-A791-4EB0-BDA8-C3A984AC9C81}.Debug|x64.Build.0 = Debug|Any CPU
		{0AAA4B11-A791-4EB0-BDA8-C3A984AC9C81}.Debug|x86.ActiveCfg = Debug|Any CPU
		{0AAA4B11-A791-4EB0-BDA8-C3A984AC9C81}.Debug|x86.Build.0 = Debug|Any CPU
		{0AAA4B11-A791-4EB0-BDA8-C3A984AC9C81}.Release|Any CPU.ActiveCfg = Release|Any CPU
		{0AAA4B11-A791-4EB0-BDA8-C3A984AC9C81}.Release|Any CPU.Build.0 = Release|Any CPU
		{0AAA4B11-A791-4EB0-BDA8-C3A984AC9C81}.Release|x64.ActiveCfg = Release|Any CPU
		{0AAA4B11-A791-4EB0-BDA8-C3A984AC9C81}.Release|x64.Build.0 = Release|Any CPU
		{0AAA4B11-A791-4EB0-BDA8-C3A984AC9C81}.Release|x86.ActiveCfg = Release|Any CPU
		{0AAA4B11-A791-4EB0-BDA8-C3A984AC9C81}.Release|x86.Build.0 = Release|Any CPU
	EndGlobalSection
EndGlobal
